
Microsoft Visual Studio Solution File, Format Version 12.00
# Visual Studio Version 17
VisualStudioVersion = 17.13.35828.75
MinimumVisualStudioVersion = 10.0.40219.1
Project("{FAE04EC0-301F-11D3-BF4B-00C04F79EFBC}") = "ReactFullStackWith.Net", "ReactFullStackWith.Net\ReactFullStackWith.Net.csproj", "{F7019CE9-F1D4-4564-B8C2-0C5678B2081D}"
EndProject
Global
	GlobalSection(SolutionConfigurationPlatforms) = preSolution
		Debug|Any CPU = Debug|Any CPU
		Release|Any CPU = Release|Any CPU
	EndGlobalSection
	GlobalSection(ProjectConfigurationPlatforms) = postSolution
		{F7019CE9-F1D4-4564-B8C2-0C5678B2081D}.Debug|Any CPU.ActiveCfg = Debug|Any CPU
		{F7019CE9-F1D4-4564-B8C2-0C5678B2081D}.Debug|Any CPU.Build.0 = Debug|Any CPU
		{F7019CE9-F1D4-4564-B8C2-0C5678B2081D}.Release|Any CPU.ActiveCfg = Release|Any CPU
		{F7019CE9-F1D4-4564-B8C2-0C5678B2081D}.Release|Any CPU.Build.0 = Release|Any CPU
	EndGlobalSection
	GlobalSection(SolutionProperties) = preSolution
		HideSolutionNode = FALSE
	EndGlobalSection
	GlobalSection(ExtensibilityGlobals) = postSolution
		SolutionGuid = {079705FC-E6F1-4620-B0B1-86D6CA4BDD9F}
	EndGlobalSection
EndGlobal
